
Microsoft Visual Studio Solution File, Format Version 12.00
# Visual Studio Version 17
VisualStudioVersion = 17.10.35122.118
MinimumVisualStudioVersion = 10.0.40219.1
Project("{2150E333-8FDC-42A3-9474-1A3956D46DE8}") = "src", "src", "{66143D1C-BAE4-460A-996F-B452CF11574B}"
EndProject
Project("{2150E333-8FDC-42A3-9474-1A3956D46DE8}") = "test", "test", "{E7155F83-2EB1-4CEE-8DDB-9090C52A3F6E}"
EndProject
Project("{9A19103F-16F7-4668-BE54-9A1E7A4F7556}") = "War", "src\War\War.csproj", "{185DF089-5A27-44D9-903F-4748671D21DC}"
EndProject
Project("{9A19103F-16F7-4668-BE54-9A1E7A4F7556}") = "TypeDemos", "src\TypeDemos\TypeDemos.csproj", "{56E044C0-8C9C-4F44-AF25-9774EEAE6392}"
EndProject
Project("{9A19103F-16F7-4668-BE54-9A1E7A4F7556}") = "ImportantTypes", "src\ImportantTypes\ImportantTypes.csproj", "{1823628B-D8A5-4FFC-BCEF-16A63666E02A}"
EndProject
Project("{2150E333-8FDC-42A3-9474-1A3956D46DE8}") = "Solution Items", "Solution Items", "{B506B03A-B190-4709-BC98-700CD62BD0BC}"
	ProjectSection(SolutionItems) = preProject
		.editorconfig = .editorconfig
	EndProjectSection
EndProject
Project("{9A19103F-16F7-4668-BE54-9A1E7A4F7556}") = "TargetGame", "src\TargetGame\TargetGame.csproj", "{648B07C8-7353-43EE-A701-2806ABF43A99}"
EndProject
Project("{9A19103F-16F7-4668-BE54-9A1E7A4F7556}") = "Students", "src\Students\Students.csproj", "{142FA4B1-062A-409F-BDCC-AB6D50248175}"
EndProject
Project("{9A19103F-16F7-4668-BE54-9A1E7A4F7556}") = "WarTests", "test\WarTests\WarTests.csproj", "{D4559C51-73A7-4D54-9DF1-52D706E5992B}"
EndProject
Global
	GlobalSection(SolutionConfigurationPlatforms) = preSolution
		Debug|Any CPU = Debug|Any CPU
		Release|Any CPU = Release|Any CPU
	EndGlobalSection
	GlobalSection(ProjectConfigurationPlatforms) = postSolution
		{185DF089-5A27-44D9-903F-4748671D21DC}.Debug|Any CPU.ActiveCfg = Debug|Any CPU
		{185DF089-5A27-44D9-903F-4748671D21DC}.Debug|Any CPU.Build.0 = Debug|Any CPU
		{185DF089-5A27-44D9-903F-4748671D21DC}.Release|Any CPU.ActiveCfg = Release|Any CPU
		{185DF089-5A27-44D9-903F-4748671D21DC}.Release|Any CPU.Build.0 = Release|Any CPU
		{56E044C0-8C9C-4F44-AF25-9774EEAE6392}.Debug|Any CPU.ActiveCfg = Debug|Any CPU
		{56E044C0-8C9C-4F44-AF25-9774EEAE6392}.Debug|Any CPU.Build.0 = Debug|Any CPU
		{56E044C0-8C9C-4F44-AF25-9774EEAE6392}.Release|Any CPU.ActiveCfg = Release|Any CPU
		{56E044C0-8C9C-4F44-AF25-9774EEAE6392}.Release|Any CPU.Build.0 = Release|Any CPU
		{1823628B-D8A5-4FFC-BCEF-16A63666E02A}.Debug|Any CPU.ActiveCfg = Debug|Any CPU
		{1823628B-D8A5-4FFC-BCEF-16A63666E02A}.Debug|Any CPU.Build.0 = Debug|Any CPU
		{1823628B-D8A5-4FFC-BCEF-16A63666E02A}.Release|Any CPU.ActiveCfg = Release|Any CPU
		{1823628B-D8A5-4FFC-BCEF-16A63666E02A}.Release|Any CPU.Build.0 = Release|Any CPU
		{648B07C8-7353-43EE-A701-2806ABF43A99}.Debug|Any CPU.ActiveCfg = Debug|Any CPU
		{648B07C8-7353-43EE-A701-2806ABF43A99}.Debug|Any CPU.Build.0 = Debug|Any CPU
		{648B07C8-7353-43EE-A701-2806ABF43A99}.Release|Any CPU.ActiveCfg = Release|Any CPU
		{648B07C8-7353-43EE-A701-2806ABF43A99}.Release|Any CPU.Build.0 = Release|Any CPU
		{142FA4B1-062A-409F-BDCC-AB6D50248175}.Debug|Any CPU.ActiveCfg = Debug|Any CPU
		{142FA4B1-062A-409F-BDCC-AB6D50248175}.Debug|Any CPU.Build.0 = Debug|Any CPU
		{142FA4B1-062A-409F-BDCC-AB6D50248175}.Release|Any CPU.ActiveCfg = Release|Any CPU
		{142FA4B1-062A-409F-BDCC-AB6D50248175}.Release|Any CPU.Build.0 = Release|Any CPU
		{D4559C51-73A7-4D54-9DF1-52D706E5992B}.Debug|Any CPU.ActiveCfg = Debug|Any CPU
		{D4559C51-73A7-4D54-9DF1-52D706E5992B}.Debug|Any CPU.Build.0 = Debug|Any CPU
		{D4559C51-73A7-4D54-9DF1-52D706E5992B}.Release|Any CPU.ActiveCfg = Release|Any CPU
		{D4559C51-73A7-4D54-9DF1-52D706E5992B}.Release|Any CPU.Build.0 = Release|Any CPU
	EndGlobalSection
	GlobalSection(SolutionProperties) = preSolution
		HideSolutionNode = FALSE
	EndGlobalSection
	GlobalSection(NestedProjects) = preSolution
		{185DF089-5A27-44D9-903F-4748671D21DC} = {66143D1C-BAE4-460A-996F-B452CF11574B}
		{56E044C0-8C9C-4F44-AF25-9774EEAE6392} = {66143D1C-BAE4-460A-996F-B452CF11574B}
		{1823628B-D8A5-4FFC-BCEF-16A63666E02A} = {66143D1C-BAE4-460A-996F-B452CF11574B}
		{648B07C8-7353-43EE-A701-2806ABF43A99} = {66143D1C-BAE4-460A-996F-B452CF11574B}
		{142FA4B1-062A-409F-BDCC-AB6D50248175} = {66143D1C-BAE4-460A-996F-B452CF11574B}
		{D4559C51-73A7-4D54-9DF1-52D706E5992B} = {E7155F83-2EB1-4CEE-8DDB-9090C52A3F6E}
	EndGlobalSection
	GlobalSection(ExtensibilityGlobals) = postSolution
		SolutionGuid = {93A21063-AAE1-4388-AAE1-03960F1D1695}
	EndGlobalSection
EndGlobal
